
Microsoft Visual Studio Solution File, Format Version 12.00
# Visual Studio Version 17
VisualStudioVersion = 17.6.33717.318
MinimumVisualStudioVersion = 10.0.40219.1
Project("{FAE04EC0-301F-11D3-BF4B-00C04F79EFBC}") = "DangThanhHoa", "DangThanhHoa\DangThanhHoa.csproj", "{92322FB4-E975-4442-B75F-A19AF9C8D5D1}"
EndProject
Global
	GlobalSection(SolutionConfigurationPlatforms) = preSolution
		Debug|Any CPU = Debug|Any CPU
		Release|Any CPU = Release|Any CPU
	EndGlobalSection
	GlobalSection(ProjectConfigurationPlatforms) = postSolution
		{92322FB4-E975-4442-B75F-A19AF9C8D5D1}.Debug|Any CPU.ActiveCfg = Debug|Any CPU
		{92322FB4-E975-4442-B75F-A19AF9C8D5D1}.Debug|Any CPU.Build.0 = Debug|Any CPU
		{92322FB4-E975-4442-B75F-A19AF9C8D5D1}.Release|Any CPU.ActiveCfg = Release|Any CPU
		{92322FB4-E975-4442-B75F-A19AF9C8D5D1}.Release|Any CPU.Build.0 = Release|Any CPU
	EndGlobalSection
	GlobalSection(SolutionProperties) = preSolution
		HideSolutionNode = FALSE
	EndGlobalSection
	GlobalSection(ExtensibilityGlobals) = postSolution
		SolutionGuid = {26335D70-4413-413D-8CEE-9E6D3019AF8B}
	EndGlobalSection
EndGlobal
